
Microsoft Visual Studio Solution File, Format Version 12.00
# Visual Studio Version 17
VisualStudioVersion = 17.2.32616.157
MinimumVisualStudioVersion = 10.0.40219.1
Project("{FAE04EC0-301F-11D3-BF4B-00C04F79EFBC}") = "PCK.BLTEST", "PCK.BLTEST\PCK.BLTEST.csproj", "{A2EC99A0-6CA0-4CCF-B50B-A2306373468E}"
EndProject
Project("{FAE04EC0-301F-11D3-BF4B-00C04F79EFBC}") = "PCK.BL", "PCK.BL\PCK.BL.csproj", "{E89A0C34-E203-4F4D-BC5A-0F94C12AAD19}"
EndProject
Project("{FAE04EC0-301F-11D3-BF4B-00C04F79EFBC}") = "PCK.Utility", "PCK.Utility\PCK.Utility.csproj", "{0E599292-33A7-4BB8-A71B-CC3EC8ED4270}"
EndProject
Global
	GlobalSection(SolutionConfigurationPlatforms) = preSolution
		Debug|Any CPU = Debug|Any CPU
		Release|Any CPU = Release|Any CPU
	EndGlobalSection
	GlobalSection(ProjectConfigurationPlatforms) = postSolution
		{A2EC99A0-6CA0-4CCF-B50B-A2306373468E}.Debug|Any CPU.ActiveCfg = Debug|Any CPU
		{A2EC99A0-6CA0-4CCF-B50B-A2306373468E}.Debug|Any CPU.Build.0 = Debug|Any CPU
		{A2EC99A0-6CA0-4CCF-B50B-A2306373468E}.Release|Any CPU.ActiveCfg = Release|Any CPU
		{A2EC99A0-6CA0-4CCF-B50B-A2306373468E}.Release|Any CPU.Build.0 = Release|Any CPU
		{E89A0C34-E203-4F4D-BC5A-0F94C12AAD19}.Debug|Any CPU.ActiveCfg = Debug|Any CPU
		{E89A0C34-E203-4F4D-BC5A-0F94C12AAD19}.Debug|Any CPU.Build.0 = Debug|Any CPU
		{E89A0C34-E203-4F4D-BC5A-0F94C12AAD19}.Release|Any CPU.ActiveCfg = Release|Any CPU
		{E89A0C34-E203-4F4D-BC5A-0F94C12AAD19}.Release|Any CPU.Build.0 = Release|Any CPU
		{0E599292-33A7-4BB8-A71B-CC3EC8ED4270}.Debug|Any CPU.ActiveCfg = Debug|Any CPU
		{0E599292-33A7-4BB8-A71B-CC3EC8ED4270}.Debug|Any CPU.Build.0 = Debug|Any CPU
		{0E599292-33A7-4BB8-A71B-CC3EC8ED4270}.Release|Any CPU.ActiveCfg = Release|Any CPU
		{0E599292-33A7-4BB8-A71B-CC3EC8ED4270}.Release|Any CPU.Build.0 = Release|Any CPU
	EndGlobalSection
	GlobalSection(SolutionProperties) = preSolution
		HideSolutionNode = FALSE
	EndGlobalSection
	GlobalSection(ExtensibilityGlobals) = postSolution
		SolutionGuid = {1E842E66-DCEE-432A-8B99-9F3380F6F1E9}
	EndGlobalSection
EndGlobal
